
Microsoft Visual Studio Solution File, Format Version 12.00
# Visual Studio Version 16
VisualStudioVersion = 16.0.29613.14
MinimumVisualStudioVersion = 10.0.40219.1
Project("{9A19103F-16F7-4668-BE54-9A1E7A4F7556}") = "SunriseSunset", "SunriseSunset\SunriseSunset.csproj", "{8A62A1B9-93FC-4ECB-8F35-86818D234616}"
EndProject
Project("{FAE04EC0-301F-11D3-BF4B-00C04F79EFBC}") = "OpenWeatherAPI", "OpenWeatherAPI\OpenWeatherAPI.csproj", "{1F5B2222-C300-449B-AF48-16A7902D8202}"
EndProject
Global
	GlobalSection(SolutionConfigurationPlatforms) = preSolution
		Debug|Any CPU = Debug|Any CPU
		Release|Any CPU = Release|Any CPU
	EndGlobalSection
	GlobalSection(ProjectConfigurationPlatforms) = postSolution
		{8A62A1B9-93FC-4ECB-8F35-86818D234616}.Debug|Any CPU.ActiveCfg = Debug|Any CPU
		{8A62A1B9-93FC-4ECB-8F35-86818D234616}.Debug|Any CPU.Build.0 = Debug|Any CPU
		{8A62A1B9-93FC-4ECB-8F35-86818D234616}.Release|Any CPU.ActiveCfg = Release|Any CPU
		{8A62A1B9-93FC-4ECB-8F35-86818D234616}.Release|Any CPU.Build.0 = Release|Any CPU
		{1F5B2222-C300-449B-AF48-16A7902D8202}.Debug|Any CPU.ActiveCfg = Debug|Any CPU
		{1F5B2222-C300-449B-AF48-16A7902D8202}.Debug|Any CPU.Build.0 = Debug|Any CPU
		{1F5B2222-C300-449B-AF48-16A7902D8202}.Release|Any CPU.ActiveCfg = Release|Any CPU
		{1F5B2222-C300-449B-AF48-16A7902D8202}.Release|Any CPU.Build.0 = Release|Any CPU
	EndGlobalSection
	GlobalSection(SolutionProperties) = preSolution
		HideSolutionNode = FALSE
	EndGlobalSection
	GlobalSection(ExtensibilityGlobals) = postSolution
		SolutionGuid = {E2C43F7E-D22F-417E-84C7-7272EE92F9DC}
	EndGlobalSection
EndGlobal
